// !$*UTF8*$!
{
	archiveVersion = 1;
	classes = {
	};
	objectVersion = 48;
	objects = {

/* Begin PBXBuildFile section */
		397B47D01FF1279F0012EC79 /* AppDelegate.swift in Sources */ = {isa = PBXBuildFile; fileRef = 397B47CF1FF1279F0012EC79 /* AppDelegate.swift */; };
		397B47D21FF1279F0012EC79 /* ViewController.swift in Sources */ = {isa = PBXBuildFile; fileRef = 397B47D11FF1279F0012EC79 /* ViewController.swift */; };
		397B47D51FF1279F0012EC79 /* Main.storyboard in Resources */ = {isa = PBXBuildFile; fileRef = 397B47D31FF1279F0012EC79 /* Main.storyboard */; };
		397B47D71FF1279F0012EC79 /* Assets.xcassets in Resources */ = {isa = PBXBuildFile; fileRef = 397B47D61FF1279F0012EC79 /* Assets.xcassets */; };
		397B47DA1FF1279F0012EC79 /* LaunchScreen.storyboard in Resources */ = {isa = PBXBuildFile; fileRef = 397B47D81FF1279F0012EC79 /* LaunchScreen.storyboard */; };
		397B47E31FF128BF0012EC79 /* mainTableViewCell.xib in Resources */ = {isa = PBXBuildFile; fileRef = 397B47E11FF128BF0012EC79 /* mainTableViewCell.xib */; };
		397B47E41FF128BF0012EC79 /* mainTableViewCell.swift in Sources */ = {isa = PBXBuildFile; fileRef = 397B47E21FF128BF0012EC79 /* mainTableViewCell.swift */; };
/* End PBXBuildFile section */

/* Begin PBXFileReference section */
		397B47CC1FF1279F0012EC79 /* animateCell.app */ = {isa = PBXFileReference; explicitFileType = wrapper.application; includeInIndex = 0; path = animateCell.app; sourceTree = BUILT_PRODUCTS_DIR; };
		397B47CF1FF1279F0012EC79 /* AppDelegate.swift */ = {isa = PBXFileReference; lastKnownFileType = sourcecode.swift; path = AppDelegate.swift; sourceTree = "<group>"; };
		397B47D11FF1279F0012EC79 /* ViewController.swift */ = {isa = PBXFileReference; lastKnownFileType = sourcecode.swift; path = ViewController.swift; sourceTree = "<group>"; };
		397B47D41FF1279F0012EC79 /* Base */ = {isa = PBXFileReference; lastKnownFileType = file.storyboard; name = Base; path = Base.lproj/Main.storyboard; sourceTree = "<group>"; };
		397B47D61FF1279F0012EC79 /* Assets.xcassets */ = {isa = PBXFileReference; lastKnownFileType = folder.assetcatalog; path = Assets.xcassets; sourceTree = "<group>"; };
		397B47D91FF1279F0012EC79 /* Base */ = {isa = PBXFileReference; lastKnownFileType = file.storyboard; name = Base; path = Base.lproj/LaunchScreen.storyboard; sourceTree = "<group>"; };
		397B47DB1FF1279F0012EC79 /* Info.plist */ = {isa = PBXFileReference; lastKnownFileType = text.plist.xml; path = Info.plist; sourceTree = "<group>"; };
		397B47E11FF128BF0012EC79 /* mainTableViewCell.xib */ = {isa = PBXFileReference; fileEncoding = 4; lastKnownFileType = file.xib; path = mainTableViewCell.xib; sourceTree = "<group>"; };
		397B47E21FF128BF0012EC79 /* mainTableViewCell.swift */ = {isa = PBXFileReference; fileEncoding = 4; lastKnownFileType = sourcecode.swift; path = mainTableViewCell.swift; sourceTree = "<group>"; };
/* End PBXFileReference section */

/* Begin PBXFrameworksBuildPhase section */
		397B47C91FF1279F0012EC79 /* Frameworks */ = {
			isa = PBXFrameworksBuildPhase;
			buildActionMask = 2147483647;
			files = (
			);
			runOnlyForDeploymentPostprocessing = 0;
		};
/* End PBXFrameworksBuildPhase section */

/* Begin PBXGroup section */
		397B47C31FF1279F0012EC79 = {
			isa = PBXGroup;
			children = (
				397B47CE1FF1279F0012EC79 /* animateCell */,
				397B47CD1FF1279F0012EC79 /* Products */,
			);
			sourceTree = "<group>";
		};
		397B47CD1FF1279F0012EC79 /* Products */ = {
			isa = PBXGroup;
			children = (
				397B47CC1FF1279F0012EC79 /* animateCell.app */,
			);
			name = Products;
			sourceTree = "<group>";
		};
		397B47CE1FF1279F0012EC79 /* animateCell */ = {
			isa = PBXGroup;
			children = (
				397B47CF1FF1279F0012EC79 /* AppDelegate.swift */,
				397B47D11FF1279F0012EC79 /* ViewController.swift */,
				397B47E21FF128BF0012EC79 /* mainTableViewCell.swift */,
				397B47E11FF128BF0012EC79 /* mainTableViewCell.xib */,
				397B47D31FF1279F0012EC79 /* Main.storyboard */,
				397B47D61FF1279F0012EC79 /* Assets.xcassets */,
				397B47D81FF1279F0012EC79 /* LaunchScreen.storyboard */,
				397B47DB1FF1279F0012EC79 /* Info.plist */,
			);
			path = animateCell;
			sourceTree = "<group>";
		};
/* End PBXGroup section */

/* Begin PBXNativeTarget section */
		397B47CB1FF1279F0012EC79 /* animateCell */ = {
			isa = PBXNativeTarget;
			buildConfigurationList = 397B47DE1FF1279F0012EC79 /* Build configuration list for PBXNativeTarget "animateCell" */;
			buildPhases = (
				397B47C81FF1279F0012EC79 /* Sources */,
				397B47C91FF1279F0012EC79 /* Frameworks */,
				397B47CA1FF1279F0012EC79 /* Resources */,
			);
			buildRules = (
			);
			dependencies = (
			);
			name = animateCell;
			productName = animateCell;
			productReference = 397B47CC1FF1279F0012EC79 /* animateCell.app */;
			productType = "com.apple.product-type.application";
		};
/* End PBXNativeTarget section */

/* Begin PBXProject section */
		397B47C41FF1279F0012EC79 /* Project object */ = {
			isa = PBXProject;
			attributes = {
				LastSwiftUpdateCheck = 0910;
				LastUpgradeCheck = 0910;
				ORGANIZATIONNAME = Approcks;
				TargetAttributes = {
					397B47CB1FF1279F0012EC79 = {
						CreatedOnToolsVersion = 9.1;
						ProvisioningStyle = Automatic;
					};
				};
			};
			buildConfigurationList = 397B47C71FF1279F0012EC79 /* Build configuration list for PBXProject "animateCell" */;
			compatibilityVersion = "Xcode 8.0";
			developmentRegion = en;
			hasScannedForEncodings = 0;
			knownRegions = (
				en,
				Base,
			);
			mainGroup = 397B47C31FF1279F0012EC79;
			productRefGroup = 397B47CD1FF1279F0012EC79 /* Products */;
			projectDirPath = "";
			projectRoot = "";
			targets = (
				397B47CB1FF1279F0012EC79 /* animateCell */,
			);
		};
/* End PBXProject section */

/* Begin PBXResourcesBuildPhase section */
		397B47CA1FF1279F0012EC79 /* Resources */ = {
			isa = PBXResourcesBuildPhase;
			buildActionMask = 2147483647;
			files = (
				397B47DA1FF1279F0012EC79 /* LaunchScreen.storyboard in Resources */,
				397B47D71FF1279F0012EC79 /* Assets.xcassets in Resources */,
				397B47E31FF128BF0012EC79 /* mainTableViewCell.xib in Resources */,
				397B47D51FF1279F0012EC79 /* Main.storyboard in Resources */,
			);
			runOnlyForDeploymentPostprocessing = 0;
		};
/* End PBXResourcesBuildPhase section */

/* Begin PBXSourcesBuildPhase section */
		397B47C81FF1279F0012EC79 /* Sources */ = {
			isa = PBXSourcesBuildPhase;
			buildActionMask = 2147483647;
			files = (
				397B47E41FF128BF0012EC79 /* mainTableViewCell.swift in Sources */,
				397B47D21FF1279F0012EC79 /* ViewController.swift in Sources */,
				397B47D01FF1279F0012EC79 /* AppDelegate.swift in Sources */,
			);
			runOnlyForDeploymentPostprocessing = 0;
		};
/* End PBXSourcesBuildPhase section */

/* Begin PBXVariantGroup section */
		397B47D31FF1279F0012EC79 /* Main.storyboard */ = {
			isa = PBXVariantGroup;
			children = (
				397B47D41FF1279F0012EC79 /* Base */,
			);
			name = Main.storyboard;
			sourceTree = "<group>";
		};
		397B47D81FF1279F0012EC79 /* LaunchScreen.storyboard */ = {
			isa = PBXVariantGroup;
			children = (
				397B47D91FF1279F0012EC79 /* Base */,
			);
			name = LaunchScreen.storyboard;
			sourceTree = "<group>";
		};
/* End PBXVariantGroup section */

/* Begin XCBuildConfiguration section */
		397B47DC1FF1279F0012EC79 /* Debug */ = {
			isa = XCBuildConfiguration;
			buildSettings = {
				ALWAYS_SEARCH_USER_PATHS = NO;
				CLANG_ANALYZER_NONNULL = YES;
				CLANG_ANALYZER_NUMBER_OBJECT_CONVERSION = YES_AGGRESSIVE;
				CLANG_CXX_LANGUAGE_STANDARD = "gnu++14";
				CLANG_CXX_LIBRARY = "libc++";
				CLANG_ENABLE_MODULES = YES;
				CLANG_ENABLE_OBJC_ARC = YES;
				CLANG_WARN_BLOCK_CAPTURE_AUTORELEASING = YES;
				CLANG_WARN_BOOL_CONVERSION = YES;
				CLANG_WARN_COMMA = YES;
				CLANG_WARN_CONSTANT_CONVERSION = YES;
				CLANG_WARN_DIRECT_OBJC_ISA_USAGE = YES_ERROR;
				CLANG_WARN_DOCUMENTATION_COMMENTS = YES;
				CLANG_WARN_EMPTY_BODY = YES;
				CLANG_WARN_ENUM_CONVERSION = YES;
				CLANG_WARN_INFINITE_RECURSION = YES;
				CLANG_WARN_INT_CONVERSION = YES;
				CLANG_WARN_NON_LITERAL_NULL_CONVERSION = YES;
				CLANG_WARN_OBJC_LITERAL_CONVERSION = YES;
				CLANG_WARN_OBJC_ROOT_CLASS = YES_ERROR;
				CLANG_WARN_RANGE_LOOP_ANALYSIS = YES;
				CLANG_WARN_STRICT_PROTOTYPES = YES;
				CLANG_WARN_SUSPICIOUS_MOVE = YES;
				CLANG_WARN_UNGUARDED_AVAILABILITY = YES_AGGRESSIVE;
				CLANG_WARN_UNREACHABLE_CODE = YES;
				CLANG_WARN__DUPLICATE_METHOD_MATCH = YES;
				CODE_SIGN_IDENTITY = "iPhone Developer";
				COPY_PHASE_STRIP = NO;
				DEBUG_INFORMATION_FORMAT = dwarf;
				ENABLE_STRICT_OBJC_MSGSEND = YES;
				ENABLE_TESTABILITY = YES;
				GCC_C_LANGUAGE_STANDARD = gnu11;
				GCC_DYNAMIC_NO_PIC = NO;
				GCC_NO_COMMON_BLOCKS = YES;
				GCC_OPTIMIZATION_LEVEL = 0;
				GCC_PREPROCESSOR_DEFINITIONS = (
					"DEBUG=1",
					"$(inherited)",
				);
				GCC_WARN_64_TO_32_BIT_CONVERSION = YES;
				GCC_WARN_ABOUT_RETURN_TYPE = YES_ERROR;
				GCC_WARN_UNDECLARED_SELECTOR = YES;
				GCC_WARN_UNINITIALIZED_AUTOS = YES_AGGRESSIVE;
				GCC_WARN_UNUSED_FUNCTION = YES;
				GCC_WARN_UNUSED_VARIABLE = YES;
				IPHONEOS_DEPLOYMENT_TARGET = 11.1;
				MTL_ENABLE_DEBUG_INFO = YES;
				ONLY_ACTIVE_ARCH = YES;
				SDKROOT = iphoneos;
				SWIFT_ACTIVE_COMPILATION_CONDITIONS = DEBUG;
				SWIFT_OPTIMIZATION_LEVEL = "-Onone";
			};
			name = Debug;
		};
		397B47DD1FF1279F0012EC79 /* Release */ = {
			isa = XCBuildConfiguration;
			buildSettings = {
				ALWAYS_SEARCH_USER_PATHS = NO;
				CLANG_ANALYZER_NONNULL = YES;
				CLANG_ANALYZER_NUMBER_OBJECT_CONVERSION = YES_AGGRESSIVE;
				CLANG_CXX_LANGUAGE_STANDARD = "gnu++14";
				CLANG_CXX_LIBRARY = "libc++";
				CLANG_ENABLE_MODULES = YES;
				CLANG_ENABLE_OBJC_ARC = YES;
				CLANG_WARN_BLOCK_CAPTURE_AUTORELEASING = YES;
				CLANG_WARN_BOOL_CONVERSION = YES;
				CLANG_WARN_COMMA = YES;
				CLANG_WARN_CONSTANT_CONVERSION = YES;
				CLANG_WARN_DIRECT_OBJC_ISA_USAGE = YES_ERROR;
				CLANG_WARN_DOCUMENTATION_COMMENTS = YES;
				CLANG_WARN_EMPTY_BODY = YES;
				CLANG_WARN_ENUM_CONVERSION = YES;
				CLANG_WARN_INFINITE_RECURSION = YES;
				CLANG_WARN_INT_CONVERSION = YES;
				CLANG_WARN_NON_LITERAL_NULL_CONVERSION = YES;
				CLANG_WARN_OBJC_LITERAL_CONVERSION = YES;
				CLANG_WARN_OBJC_ROOT_CLASS = YES_ERROR;
				CLANG_WARN_RANGE_LOOP_ANALYSIS = YES;
				CLANG_WARN_STRICT_PROTOTYPES = YES;
				CLANG_WARN_SUSPICIOUS_MOVE = YES;
				CLANG_WARN_UNGUARDED_AVAILABILITY = YES_AGGRESSIVE;
				CLANG_WARN_UNREACHABLE_CODE = YES;
				CLANG_WARN__DUPLICATE_METHOD_MATCH = YES;
				CODE_SIGN_IDENTITY = "iPhone Developer";
				COPY_PHASE_STRIP = NO;
				DEBUG_INFORMATION_FORMAT = "dwarf-with-dsym";
				ENABLE_NS_ASSERTIONS = NO;
				ENABLE_STRICT_OBJC_MSGSEND = YES;
				GCC_C_LANGUAGE_STANDARD = gnu11;
				GCC_NO_COMMON_BLOCKS = YES;
				GCC_WARN_64_TO_32_BIT_CONVERSION = YES;
				GCC_WARN_ABOUT_RETURN_TYPE = YES_ERROR;
				GCC_WARN_UNDECLARED_SELECTOR = YES;
				GCC_WARN_UNINITIALIZED_AUTOS = YES_AGGRESSIVE;
				GCC_WARN_UNUSED_FUNCTION = YES;
				GCC_WARN_UNUSED_VARIABLE = YES;
				IPHONEOS_DEPLOYMENT_TARGET = 11.1;
				MTL_ENABLE_DEBUG_INFO = NO;
				SDKROOT = iphoneos;
				SWIFT_OPTIMIZATION_LEVEL = "-Owholemodule";
				VALIDATE_PRODUCT = YES;
			};
			name = Release;
		};
		397B47DF1FF1279F0012EC79 /* Debug */ = {
			isa = XCBuildConfiguration;
			buildSettings = {
				ASSETCATALOG_COMPILER_APPICON_NAME = AppIcon;
				CODE_SIGN_STYLE = Automatic;
				DEVELOPMENT_TEAM = E46WB37LUW;
				INFOPLIST_FILE = animateCell/Info.plist;
				LD_RUNPATH_SEARCH_PATHS = "$(inherited) @executable_path/Frameworks";
				PRODUCT_BUNDLE_IDENTIFIER = com.Approcks.animateCell;
				PRODUCT_NAME = "$(TARGET_NAME)";
				SWIFT_VERSION = 4.0;
				TARGETED_DEVICE_FAMILY = "1,2";
			};
			name = Debug;
		};
		397B47E01FF1279F0012EC79 /* Release */ = {
			isa = XCBuildConfiguration;
			buildSettings = {
				ASSETCATALOG_COMPILER_APPICON_NAME = AppIcon;
				CODE_SIGN_STYLE = Automatic;
				DEVELOPMENT_TEAM = E46WB37LUW;
				INFOPLIST_FILE = animateCell/Info.plist;
				LD_RUNPATH_SEARCH_PATHS = "$(inherited) @executable_path/Frameworks";
				PRODUCT_BUNDLE_IDENTIFIER = com.Approcks.animateCell;
				PRODUCT_NAME = "$(TARGET_NAME)";
				SWIFT_VERSION = 4.0;
				TARGETED_DEVICE_FAMILY = "1,2";
			};
			name = Release;
		};
/* End XCBuildConfiguration section */

/* Begin XCConfigurationList section */
		397B47C71FF1279F0012EC79 /* Build configuration list for PBXProject "animateCell" */ = {
			isa = XCConfigurationList;
			buildConfigurations = (
				397B47DC1FF1279F0012EC79 /* Debug */,
				397B47DD1FF1279F0012EC79 /* Release */,
			);
			defaultConfigurationIsVisible = 0;
			defaultConfigurationName = Release;
		};
		397B47DE1FF1279F0012EC79 /* Build configuration list for PBXNativeTarget "animateCell" */ = {
			isa = XCConfigurationList;
			buildConfigurations = (
				397B47DF1FF1279F0012EC79 /* Debug */,
				397B47E01FF1279F0012EC79 /* Release */,
			);
			defaultConfigurationIsVisible = 0;
			defaultConfigurationName = Release;
		};
/* End XCConfigurationList section */
	};
	rootObject = 397B47C41FF1279F0012EC79 /* Project object */;
}
